
Microsoft Visual Studio Solution File, Format Version 12.00
# Visual Studio 14
VisualStudioVersion = 14.0.22609.0
MinimumVisualStudioVersion = 10.0.40219.1
Project("{2150E333-8FDC-42A3-9474-1A3956D46DE8}") = "src", "src", "{CF223751-3B93-4C5B-A6A6-928752700B0E}"
EndProject
Project("{2150E333-8FDC-42A3-9474-1A3956D46DE8}") = "Solution Items", "Solution Items", "{D1CC0FA1-9A14-45E8-AE97-D053C11897F0}"
	ProjectSection(SolutionItems) = preProject
		global.json = global.json
	EndProjectSection
EndProject
Project("{8BB2217D-0F2D-49D1-97BC-3654ED321F3B}") = "CustomerPortal", "src\WebClient\CustomerPortal.kproj", "{E13177DE-A11C-4503-9FF7-6CB2FC8D1966}"
EndProject
Global
	GlobalSection(SolutionConfigurationPlatforms) = preSolution
		Debug|Any CPU = Debug|Any CPU
		Release|Any CPU = Release|Any CPU
	EndGlobalSection
	GlobalSection(ProjectConfigurationPlatforms) = postSolution
		{E13177DE-A11C-4503-9FF7-6CB2FC8D1966}.Debug|Any CPU.ActiveCfg = Debug|Any CPU
		{E13177DE-A11C-4503-9FF7-6CB2FC8D1966}.Debug|Any CPU.Build.0 = Debug|Any CPU
		{E13177DE-A11C-4503-9FF7-6CB2FC8D1966}.Release|Any CPU.ActiveCfg = Release|Any CPU
		{E13177DE-A11C-4503-9FF7-6CB2FC8D1966}.Release|Any CPU.Build.0 = Release|Any CPU
	EndGlobalSection
	GlobalSection(SolutionProperties) = preSolution
		HideSolutionNode = FALSE
	EndGlobalSection
	GlobalSection(NestedProjects) = preSolution
		{E13177DE-A11C-4503-9FF7-6CB2FC8D1966} = {CF223751-3B93-4C5B-A6A6-928752700B0E}
	EndGlobalSection
EndGlobal
